
Microsoft Visual Studio Solution File, Format Version 12.00
# Visual Studio 15
VisualStudioVersion = 15.0.27130.2036
MinimumVisualStudioVersion = 10.0.40219.1
Project("{FAE04EC0-301F-11D3-BF4B-00C04F79EFBC}") = "ExceptionHandling", "ExceptionHandling\ExceptionHandling.csproj", "{D5F7FB42-5165-419A-AEEC-760651A85291}"
EndProject
Global
	GlobalSection(SolutionConfigurationPlatforms) = preSolution
		Debug|Any CPU = Debug|Any CPU
		Release|Any CPU = Release|Any CPU
	EndGlobalSection
	GlobalSection(ProjectConfigurationPlatforms) = postSolution
		{D5F7FB42-5165-419A-AEEC-760651A85291}.Debug|Any CPU.ActiveCfg = Debug|Any CPU
		{D5F7FB42-5165-419A-AEEC-760651A85291}.Debug|Any CPU.Build.0 = Debug|Any CPU
		{D5F7FB42-5165-419A-AEEC-760651A85291}.Release|Any CPU.ActiveCfg = Release|Any CPU
		{D5F7FB42-5165-419A-AEEC-760651A85291}.Release|Any CPU.Build.0 = Release|Any CPU
	EndGlobalSection
	GlobalSection(SolutionProperties) = preSolution
		HideSolutionNode = FALSE
	EndGlobalSection
	GlobalSection(ExtensibilityGlobals) = postSolution
		SolutionGuid = {34A4B854-7B04-4BB5-8B69-A0AEA0AD9C45}
	EndGlobalSection
EndGlobal
