
Microsoft Visual Studio Solution File, Format Version 12.00
# Visual Studio 15
VisualStudioVersion = 15.0.27130.2036
MinimumVisualStudioVersion = 10.0.40219.1
Project("{FAE04EC0-301F-11D3-BF4B-00C04F79EFBC}") = "RestarauntReviews.pl", "RestarauntReviews2\RestarauntReviews.pl.csproj", "{C4E8D236-FAF1-4B5B-898B-76757F91E941}"
EndProject
Project("{FAE04EC0-301F-11D3-BF4B-00C04F79EFBC}") = "RestarauntData", "RestarauntData\RestarauntData.csproj", "{45D75FA2-3831-4862-81D0-D44DE5792C22}"
EndProject
Project("{FAE04EC0-301F-11D3-BF4B-00C04F79EFBC}") = "RestaurauntReviews.bl", "RestaurauntReviews.bl\RestaurauntReviews.bl.csproj", "{CE9AFAEA-308A-4D0B-BB74-2592AE4A612F}"
EndProject
Global
	GlobalSection(SolutionConfigurationPlatforms) = preSolution
		Debug|Any CPU = Debug|Any CPU
		Release|Any CPU = Release|Any CPU
	EndGlobalSection
	GlobalSection(ProjectConfigurationPlatforms) = postSolution
		{C4E8D236-FAF1-4B5B-898B-76757F91E941}.Debug|Any CPU.ActiveCfg = Debug|Any CPU
		{C4E8D236-FAF1-4B5B-898B-76757F91E941}.Debug|Any CPU.Build.0 = Debug|Any CPU
		{C4E8D236-FAF1-4B5B-898B-76757F91E941}.Release|Any CPU.ActiveCfg = Release|Any CPU
		{C4E8D236-FAF1-4B5B-898B-76757F91E941}.Release|Any CPU.Build.0 = Release|Any CPU
		{45D75FA2-3831-4862-81D0-D44DE5792C22}.Debug|Any CPU.ActiveCfg = Debug|Any CPU
		{45D75FA2-3831-4862-81D0-D44DE5792C22}.Debug|Any CPU.Build.0 = Debug|Any CPU
		{45D75FA2-3831-4862-81D0-D44DE5792C22}.Release|Any CPU.ActiveCfg = Release|Any CPU
		{45D75FA2-3831-4862-81D0-D44DE5792C22}.Release|Any CPU.Build.0 = Release|Any CPU
		{CE9AFAEA-308A-4D0B-BB74-2592AE4A612F}.Debug|Any CPU.ActiveCfg = Debug|Any CPU
		{CE9AFAEA-308A-4D0B-BB74-2592AE4A612F}.Debug|Any CPU.Build.0 = Debug|Any CPU
		{CE9AFAEA-308A-4D0B-BB74-2592AE4A612F}.Release|Any CPU.ActiveCfg = Release|Any CPU
		{CE9AFAEA-308A-4D0B-BB74-2592AE4A612F}.Release|Any CPU.Build.0 = Release|Any CPU
	EndGlobalSection
	GlobalSection(SolutionProperties) = preSolution
		HideSolutionNode = FALSE
	EndGlobalSection
	GlobalSection(ExtensibilityGlobals) = postSolution
		SolutionGuid = {541AA4AB-41B3-48B8-A531-59055A8455B0}
	EndGlobalSection
EndGlobal
